
Microsoft Visual Studio Solution File, Format Version 12.00
# Visual Studio 15
VisualStudioVersion = 15.0.28307.645
MinimumVisualStudioVersion = 10.0.40219.1
Project("{FAE04EC0-301F-11D3-BF4B-00C04F79EFBC}") = "DevExtremeAspNetCoreApp1", "DevExtremeAspNetCoreApp1\DevExtremeAspNetCoreApp1.csproj", "{08647A55-F004-4DD4-9C92-E00B0F523CA3}"
EndProject
Global
	GlobalSection(SolutionConfigurationPlatforms) = preSolution
		Debug|Any CPU = Debug|Any CPU
		Release|Any CPU = Release|Any CPU
	EndGlobalSection
	GlobalSection(ProjectConfigurationPlatforms) = postSolution
		{08647A55-F004-4DD4-9C92-E00B0F523CA3}.Debug|Any CPU.ActiveCfg = Debug|Any CPU
		{08647A55-F004-4DD4-9C92-E00B0F523CA3}.Debug|Any CPU.Build.0 = Debug|Any CPU
		{08647A55-F004-4DD4-9C92-E00B0F523CA3}.Release|Any CPU.ActiveCfg = Release|Any CPU
		{08647A55-F004-4DD4-9C92-E00B0F523CA3}.Release|Any CPU.Build.0 = Release|Any CPU
	EndGlobalSection
	GlobalSection(SolutionProperties) = preSolution
		HideSolutionNode = FALSE
	EndGlobalSection
	GlobalSection(ExtensibilityGlobals) = postSolution
		SolutionGuid = {C20D4DAA-1254-4D68-92F0-495D853106BF}
	EndGlobalSection
EndGlobal
